
Microsoft Visual Studio Solution File, Format Version 12.00
# Visual Studio Version 16
VisualStudioVersion = 16.6.30114.105
MinimumVisualStudioVersion = 10.0.40219.1
Project("{9A19103F-16F7-4668-BE54-9A1E7A4F7556}") = "SmartSchool.WebAPI", "SmartSchool.WebAPI\SmartSchool.WebAPI.csproj", "{D0E10420-DEA0-47FD-8E91-E92CD1FBFFA3}"
EndProject
Project("{2150E333-8FDC-42A3-9474-1A3956D46DE8}") = "Solution Items", "Solution Items", "{168346DC-6670-47D7-BAC1-D90A7D2F19F2}"
	ProjectSection(SolutionItems) = preProject
		.editorconfig = .editorconfig
	EndProjectSection
EndProject
Global
	GlobalSection(SolutionConfigurationPlatforms) = preSolution
		Debug|Any CPU = Debug|Any CPU
		Debug|x64 = Debug|x64
		Debug|x86 = Debug|x86
		Release|Any CPU = Release|Any CPU
		Release|x64 = Release|x64
		Release|x86 = Release|x86
	EndGlobalSection
	GlobalSection(ProjectConfigurationPlatforms) = postSolution
		{D0E10420-DEA0-47FD-8E91-E92CD1FBFFA3}.Debug|Any CPU.ActiveCfg = Debug|Any CPU
		{D0E10420-DEA0-47FD-8E91-E92CD1FBFFA3}.Debug|Any CPU.Build.0 = Debug|Any CPU
		{D0E10420-DEA0-47FD-8E91-E92CD1FBFFA3}.Debug|x64.ActiveCfg = Debug|Any CPU
		{D0E10420-DEA0-47FD-8E91-E92CD1FBFFA3}.Debug|x64.Build.0 = Debug|Any CPU
		{D0E10420-DEA0-47FD-8E91-E92CD1FBFFA3}.Debug|x86.ActiveCfg = Debug|Any CPU
		{D0E10420-DEA0-47FD-8E91-E92CD1FBFFA3}.Debug|x86.Build.0 = Debug|Any CPU
		{D0E10420-DEA0-47FD-8E91-E92CD1FBFFA3}.Release|Any CPU.ActiveCfg = Release|Any CPU
		{D0E10420-DEA0-47FD-8E91-E92CD1FBFFA3}.Release|Any CPU.Build.0 = Release|Any CPU
		{D0E10420-DEA0-47FD-8E91-E92CD1FBFFA3}.Release|x64.ActiveCfg = Release|Any CPU
		{D0E10420-DEA0-47FD-8E91-E92CD1FBFFA3}.Release|x64.Build.0 = Release|Any CPU
		{D0E10420-DEA0-47FD-8E91-E92CD1FBFFA3}.Release|x86.ActiveCfg = Release|Any CPU
		{D0E10420-DEA0-47FD-8E91-E92CD1FBFFA3}.Release|x86.Build.0 = Release|Any CPU
	EndGlobalSection
	GlobalSection(SolutionProperties) = preSolution
		HideSolutionNode = FALSE
	EndGlobalSection
	GlobalSection(ExtensibilityGlobals) = postSolution
		SolutionGuid = {02DEA320-2EFC-4FD6-9F23-E8552535217D}
	EndGlobalSection
EndGlobal
